PODS:
  - google-cast-sdk (3.3.0):
    - google-cast-sdk/Core (= 3.3.0)
  - google-cast-sdk/Core (3.3.0)
  - GoogleMaps (2.2.0):
    - GoogleMaps/Maps (= 2.2.0)
  - GoogleMaps/Base (2.2.0)
  - GoogleMaps/Maps (2.2.0):
    - GoogleMaps/Base
  - MBProgressHUD (0.9.2)
  - NextGenDataManager (2.2.0)
  - PromiseKit (4.1.7):
    - PromiseKit/Foundation (= 4.1.7)
    - PromiseKit/QuartzCore (= 4.1.7)
    - PromiseKit/UIKit (= 4.1.7)
  - PromiseKit/CorePromise (4.1.7)
  - PromiseKit/Foundation (4.1.7):
    - PromiseKit/CorePromise
  - PromiseKit/QuartzCore (4.1.7):
    - PromiseKit/CorePromise
  - PromiseKit/UIKit (4.1.7):
    - PromiseKit/CorePromise
  - ReachabilitySwift (3)
  - SDWebImage (4.0.0):
    - SDWebImage/Core (= 4.0.0)
  - SDWebImage/Core (4.0.0)
  - UAProgressView (0.1.3)

DEPENDENCIES:
  - google-cast-sdk (~> 3.3)
  - GoogleMaps
  - MBProgressHUD (~> 0.9.2)
  - NextGenDataManager (from `../../cpe-manifest-ios-data`)
  - PromiseKit (~> 4.0)
  - ReachabilitySwift
  - SDWebImage (~> 4.0)
  - UAProgressView

EXTERNAL SOURCES:
  NextGenDataManager:
    :path: "../../cpe-manifest-ios-data"

SPEC CHECKSUMS:
  google-cast-sdk: da1989cbc1b9ff7b50ddb9dae5b1969d95a65a0f
  GoogleMaps: 104c418d61ab8a05dff06ed0784c25ea9d37da45
  MBProgressHUD: 1569cf7ace17a8bac47aabfbb8580a49690386d1
  NextGenDataManager: c0b63d8301861148c4961df282b21f5a8492527e
  PromiseKit: 779f2e41faf62d854e7593026ddbcb0bb5c5002d
  ReachabilitySwift: f5b9bb30a0777fac8f09ce8b067e32faeb29bb64
  SDWebImage: 76a6348bdc74eb5a55dd08a091ef298e56b55e41
  UAProgressView: ce49aee47c14df6dc372f6fd57852f570ca97e6b

PODFILE CHECKSUM: 6eaf70597fddee450d14304272ef086d2c4f8ee1

COCOAPODS: 1.2.0
